// !$*UTF8*$!
{
	archiveVersion = 1;
	classes = {
	};
	objectVersion = 51;
	objects = {

/* Begin PBXBuildFile section */
		30A1C703275D232000E4BE35 /* AppDelegate.swift in Sources */ = {isa = PBXBuildFile; fileRef = 30A1C702275D232000E4BE35 /* AppDelegate.swift */; };
		30A1C705275D232000E4BE35 /* SceneDelegate.swift in Sources */ = {isa = PBXBuildFile; fileRef = 30A1C704275D232000E4BE35 /* SceneDelegate.swift */; };
		30A1C70A275D232000E4BE35 /* Main.storyboard in Resources */ = {isa = PBXBuildFile; fileRef = 30A1C708275D232000E4BE35 /* Main.storyboard */; };
		30A1C70C275D232800E4BE35 /* Assets.xcassets in Resources */ = {isa = PBXBuildFile; fileRef = 30A1C70B275D232800E4BE35 /* Assets.xcassets */; };
		30A1C70F275D232800E4BE35 /* LaunchScreen.storyboard in Resources */ = {isa = PBXBuildFile; fileRef = 30A1C70D275D232800E4BE35 /* LaunchScreen.storyboard */; };
		30A1C719275DC45D00E4BE35 /* MainTabBarController.swift in Sources */ = {isa = PBXBuildFile; fileRef = 30A1C718275DC45D00E4BE35 /* MainTabBarController.swift */; };
		30A1C71D275DC60600E4BE35 /* UserViewController.swift in Sources */ = {isa = PBXBuildFile; fileRef = 30A1C71C275DC60600E4BE35 /* UserViewController.swift */; };
		30A1C71F275DC61400E4BE35 /* MineViewController.swift in Sources */ = {isa = PBXBuildFile; fileRef = 30A1C71E275DC61400E4BE35 /* MineViewController.swift */; };
		30A1C723275DC6B100E4BE35 /* BaseNavigationController.swift in Sources */ = {isa = PBXBuildFile; fileRef = 30A1C722275DC6B100E4BE35 /* BaseNavigationController.swift */; };
		30A1C726275DC78200E4BE35 /* Macros.swift in Sources */ = {isa = PBXBuildFile; fileRef = 30A1C725275DC78200E4BE35 /* Macros.swift */; };
		30A1C728275E666400E4BE35 /* BaseViewController.swift in Sources */ = {isa = PBXBuildFile; fileRef = 30A1C727275E666300E4BE35 /* BaseViewController.swift */; };
		30A1C72A275E775C00E4BE35 /* BaseView.swift in Sources */ = {isa = PBXBuildFile; fileRef = 30A1C729275E775C00E4BE35 /* BaseView.swift */; };
		30A1C72F275E7F2000E4BE35 /* PersonViewController.swift in Sources */ = {isa = PBXBuildFile; fileRef = 30A1C72E275E7F2000E4BE35 /* PersonViewController.swift */; };
		30A1C738275E804E00E4BE35 /* UserView.swift in Sources */ = {isa = PBXBuildFile; fileRef = 30A1C737275E804E00E4BE35 /* UserView.swift */; };
		30A1C73A275E808800E4BE35 /* UserViewModel.swift in Sources */ = {isa = PBXBuildFile; fileRef = 30A1C739275E808800E4BE35 /* UserViewModel.swift */; };
		30A1C73C275E80BE00E4BE35 /* UserModel.swift in Sources */ = {isa = PBXBuildFile; fileRef = 30A1C73B275E80BE00E4BE35 /* UserModel.swift */; };
		30A1C73E275E80E200E4BE35 /* MineView.swift in Sources */ = {isa = PBXBuildFile; fileRef = 30A1C73D275E80E200E4BE35 /* MineView.swift */; };
		30A1C740275E80FE00E4BE35 /* MineViewModel.swift in Sources */ = {isa = PBXBuildFile; fileRef = 30A1C73F275E80FE00E4BE35 /* MineViewModel.swift */; };
		30A1C742275E811500E4BE35 /* MineModel.swift in Sources */ = {isa = PBXBuildFile; fileRef = 30A1C741275E811500E4BE35 /* MineModel.swift */; };
		30A1C744275E813200E4BE35 /* PersonView.swift in Sources */ = {isa = PBXBuildFile; fileRef = 30A1C743275E813200E4BE35 /* PersonView.swift */; };
		30A1C746275E814600E4BE35 /* PersonViewModel.swift in Sources */ = {isa = PBXBuildFile; fileRef = 30A1C745275E814600E4BE35 /* PersonViewModel.swift */; };
		30A1C748275E815700E4BE35 /* PersonModel.swift in Sources */ = {isa = PBXBuildFile; fileRef = 30A1C747275E815700E4BE35 /* PersonModel.swift */; };
		30A1C74B275E842000E4BE35 /* UserTableViewCell.swift in Sources */ = {isa = PBXBuildFile; fileRef = 30A1C74A275E842000E4BE35 /* UserTableViewCell.swift */; };
		30A1C74E275EFE4B00E4BE35 /* UIImageView++Extension.swift in Sources */ = {isa = PBXBuildFile; fileRef = 30A1C74D275EFE4B00E4BE35 /* UIImageView++Extension.swift */; };
		30A1C751275F219D00E4BE35 /* GitHubNet.swift in Sources */ = {isa = PBXBuildFile; fileRef = 30A1C750275F219D00E4BE35 /* GitHubNet.swift */; };
		30A1C753275F225900E4BE35 /* GitHubNetError.swift in Sources */ = {isa = PBXBuildFile; fileRef = 30A1C752275F225900E4BE35 /* GitHubNetError.swift */; };
		AA4DA53A8467665BC65CA48F /* Pods_githubUsers.framework in Frameworks */ = {isa = PBXBuildFile; fileRef = FE6AE34BAC76CD29BFF111B9 /* Pods_githubUsers.framework */; };
/* End PBXBuildFile section */

/* Begin PBXFileReference section */
		30A1C6FF275D232000E4BE35 /* githubUsers.app */ = {isa = PBXFileReference; explicitFileType = wrapper.application; includeInIndex = 0; path = githubUsers.app; sourceTree = BUILT_PRODUCTS_DIR; };
		30A1C702275D232000E4BE35 /* AppDelegate.swift */ = {isa = PBXFileReference; lastKnownFileType = sourcecode.swift; path = AppDelegate.swift; sourceTree = "<group>"; };
		30A1C704275D232000E4BE35 /* SceneDelegate.swift */ = {isa = PBXFileReference; lastKnownFileType = sourcecode.swift; path = SceneDelegate.swift; sourceTree = "<group>"; };
		30A1C709275D232000E4BE35 /* Base */ = {isa = PBXFileReference; lastKnownFileType = file.storyboard; name = Base; path = Base.lproj/Main.storyboard; sourceTree = "<group>"; };
		30A1C70B275D232800E4BE35 /* Assets.xcassets */ = {isa = PBXFileReference; lastKnownFileType = folder.assetcatalog; path = Assets.xcassets; sourceTree = "<group>"; };
		30A1C70E275D232800E4BE35 /* Base */ = {isa = PBXFileReference; lastKnownFileType = file.storyboard; name = Base; path = Base.lproj/LaunchScreen.storyboard; sourceTree = "<group>"; };
		30A1C710275D232800E4BE35 /* Info.plist */ = {isa = PBXFileReference; lastKnownFileType = text.plist.xml; path = Info.plist; sourceTree = "<group>"; };
		30A1C718275DC45D00E4BE35 /* MainTabBarController.swift */ = {isa = PBXFileReference; lastKnownFileType = sourcecode.swift; path = MainTabBarController.swift; sourceTree = "<group>"; };
		30A1C71C275DC60600E4BE35 /* UserViewController.swift */ = {isa = PBXFileReference; lastKnownFileType = sourcecode.swift; path = UserViewController.swift; sourceTree = "<group>"; };
		30A1C71E275DC61400E4BE35 /* MineViewController.swift */ = {isa = PBXFileReference; lastKnownFileType = sourcecode.swift; path = MineViewController.swift; sourceTree = "<group>"; };
		30A1C722275DC6B100E4BE35 /* BaseNavigationController.swift */ = {isa = PBXFileReference; lastKnownFileType = sourcecode.swift; path = BaseNavigationController.swift; sourceTree = "<group>"; };
		30A1C725275DC78200E4BE35 /* Macros.swift */ = {isa = PBXFileReference; lastKnownFileType = sourcecode.swift; path = Macros.swift; sourceTree = "<group>"; };
		30A1C727275E666300E4BE35 /* BaseViewController.swift */ = {isa = PBXFileReference; lastKnownFileType = sourcecode.swift; path = BaseViewController.swift; sourceTree = "<group>"; };
		30A1C729275E775C00E4BE35 /* BaseView.swift */ = {isa = PBXFileReference; lastKnownFileType = sourcecode.swift; path = BaseView.swift; sourceTree = "<group>"; };
		30A1C72E275E7F2000E4BE35 /* PersonViewController.swift */ = {isa = PBXFileReference; lastKnownFileType = sourcecode.swift; path = PersonViewController.swift; sourceTree = "<group>"; };
		30A1C737275E804E00E4BE35 /* UserView.swift */ = {isa = PBXFileReference; lastKnownFileType = sourcecode.swift; path = UserView.swift; sourceTree = "<group>"; };
		30A1C739275E808800E4BE35 /* UserViewModel.swift */ = {isa = PBXFileReference; lastKnownFileType = sourcecode.swift; path = UserViewModel.swift; sourceTree = "<group>"; };
		30A1C73B275E80BE00E4BE35 /* UserModel.swift */ = {isa = PBXFileReference; lastKnownFileType = sourcecode.swift; path = UserModel.swift; sourceTree = "<group>"; };
		30A1C73D275E80E200E4BE35 /* MineView.swift */ = {isa = PBXFileReference; lastKnownFileType = sourcecode.swift; path = MineView.swift; sourceTree = "<group>"; };
		30A1C73F275E80FE00E4BE35 /* MineViewModel.swift */ = {isa = PBXFileReference; lastKnownFileType = sourcecode.swift; path = MineViewModel.swift; sourceTree = "<group>"; };
		30A1C741275E811500E4BE35 /* MineModel.swift */ = {isa = PBXFileReference; lastKnownFileType = sourcecode.swift; path = MineModel.swift; sourceTree = "<group>"; };
		30A1C743275E813200E4BE35 /* PersonView.swift */ = {isa = PBXFileReference; lastKnownFileType = sourcecode.swift; path = PersonView.swift; sourceTree = "<group>"; };
		30A1C745275E814600E4BE35 /* PersonViewModel.swift */ = {isa = PBXFileReference; lastKnownFileType = sourcecode.swift; path = PersonViewModel.swift; sourceTree = "<group>"; };
		30A1C747275E815700E4BE35 /* PersonModel.swift */ = {isa = PBXFileReference; lastKnownFileType = sourcecode.swift; path = PersonModel.swift; sourceTree = "<group>"; };
		30A1C74A275E842000E4BE35 /* UserTableViewCell.swift */ = {isa = PBXFileReference; lastKnownFileType = sourcecode.swift; path = UserTableViewCell.swift; sourceTree = "<group>"; };
		30A1C74D275EFE4B00E4BE35 /* UIImageView++Extension.swift */ = {isa = PBXFileReference; lastKnownFileType = sourcecode.swift; path = "UIImageView++Extension.swift"; sourceTree = "<group>"; };
		30A1C750275F219D00E4BE35 /* GitHubNet.swift */ = {isa = PBXFileReference; lastKnownFileType = sourcecode.swift; path = GitHubNet.swift; sourceTree = "<group>"; };
		30A1C752275F225900E4BE35 /* GitHubNetError.swift */ = {isa = PBXFileReference; lastKnownFileType = sourcecode.swift; path = GitHubNetError.swift; sourceTree = "<group>"; };
		62F096E0EF3FD36E16805219 /* Pods-githubUsers.debug.xcconfig */ = {isa = PBXFileReference; includeInIndex = 1; lastKnownFileType = text.xcconfig; name = "Pods-githubUsers.debug.xcconfig"; path = "Target Support Files/Pods-githubUsers/Pods-githubUsers.debug.xcconfig"; sourceTree = "<group>"; };
		DB389E083AE0AC3025BB9D41 /* Pods-githubUsers.release.xcconfig */ = {isa = PBXFileReference; includeInIndex = 1; lastKnownFileType = text.xcconfig; name = "Pods-githubUsers.release.xcconfig"; path = "Target Support Files/Pods-githubUsers/Pods-githubUsers.release.xcconfig"; sourceTree = "<group>"; };
		FE6AE34BAC76CD29BFF111B9 /* Pods_githubUsers.framework */ = {isa = PBXFileReference; explicitFileType = wrapper.framework; includeInIndex = 0; path = Pods_githubUsers.framework; sourceTree = BUILT_PRODUCTS_DIR; };
/* End PBXFileReference section */

/* Begin PBXFrameworksBuildPhase section */
		30A1C6FC275D232000E4BE35 /* Frameworks */ = {
			isa = PBXFrameworksBuildPhase;
			buildActionMask = 2147483647;
			files = (
				AA4DA53A8467665BC65CA48F /* Pods_githubUsers.framework in Frameworks */,
			);
			runOnlyForDeploymentPostprocessing = 0;
		};
/* End PBXFrameworksBuildPhase section */

/* Begin PBXGroup section */
		30A1C6F6275D232000E4BE35 = {
			isa = PBXGroup;
			children = (
				30A1C701275D232000E4BE35 /* githubUsers */,
				30A1C700275D232000E4BE35 /* Products */,
				BC7D79D08FFB232957715D25 /* Pods */,
				88596339A7BE276156690CE2 /* Frameworks */,
			);
			sourceTree = "<group>";
		};
		30A1C700275D232000E4BE35 /* Products */ = {
			isa = PBXGroup;
			children = (
				30A1C6FF275D232000E4BE35 /* githubUsers.app */,
			);
			name = Products;
			sourceTree = "<group>";
		};
		30A1C701275D232000E4BE35 /* githubUsers */ = {
			isa = PBXGroup;
			children = (
				30A1C74F275F218400E4BE35 /* Net */,
				30A1C720275DC67400E4BE35 /* Global */,
				30A1C716275DC42500E4BE35 /* Scenes */,
				30A1C702275D232000E4BE35 /* AppDelegate.swift */,
				30A1C704275D232000E4BE35 /* SceneDelegate.swift */,
				30A1C708275D232000E4BE35 /* Main.storyboard */,
				30A1C70B275D232800E4BE35 /* Assets.xcassets */,
				30A1C70D275D232800E4BE35 /* LaunchScreen.storyboard */,
				30A1C710275D232800E4BE35 /* Info.plist */,
			);
			path = githubUsers;
			sourceTree = "<group>";
		};
		30A1C716275DC42500E4BE35 /* Scenes */ = {
			isa = PBXGroup;
			children = (
				30A1C72D275E7EFF00E4BE35 /* Person */,
				30A1C71B275DC5ED00E4BE35 /* Mine */,
				30A1C71A275DC5E600E4BE35 /* User */,
				30A1C717275DC42C00E4BE35 /* Root */,
			);
			path = Scenes;
			sourceTree = "<group>";
		};
		30A1C717275DC42C00E4BE35 /* Root */ = {
			isa = PBXGroup;
			children = (
				30A1C718275DC45D00E4BE35 /* MainTabBarController.swift */,
			);
			path = Root;
			sourceTree = "<group>";
		};
		30A1C71A275DC5E600E4BE35 /* User */ = {
			isa = PBXGroup;
			children = (
				30A1C732275E7F4300E4BE35 /* Model */,
				30A1C72C275E7EC100E4BE35 /* ViewModel */,
				30A1C72B275E7EB000E4BE35 /* View */,
				30A1C71C275DC60600E4BE35 /* UserViewController.swift */,
			);
			path = User;
			sourceTree = "<group>";
		};
		30A1C71B275DC5ED00E4BE35 /* Mine */ = {
			isa = PBXGroup;
			children = (
				30A1C733275E7F4900E4BE35 /* Model */,
				30A1C731275E7F3700E4BE35 /* ViewModel */,
				30A1C730275E7F2E00E4BE35 /* View */,
				30A1C71E275DC61400E4BE35 /* MineViewController.swift */,
			);
			path = Mine;
			sourceTree = "<group>";
		};
		30A1C720275DC67400E4BE35 /* Global */ = {
			isa = PBXGroup;
			children = (
				30A1C74C275EFE3200E4BE35 /* Extension */,
				30A1C724275DC76E00E4BE35 /* Definition */,
				30A1C721275DC68F00E4BE35 /* View */,
			);
			path = Global;
			sourceTree = "<group>";
		};
		30A1C721275DC68F00E4BE35 /* View */ = {
			isa = PBXGroup;
			children = (
				30A1C722275DC6B100E4BE35 /* BaseNavigationController.swift */,
				30A1C727275E666300E4BE35 /* BaseViewController.swift */,
				30A1C729275E775C00E4BE35 /* BaseView.swift */,
			);
			path = View;
			sourceTree = "<group>";
		};
		30A1C724275DC76E00E4BE35 /* Definition */ = {
			isa = PBXGroup;
			children = (
				30A1C725275DC78200E4BE35 /* Macros.swift */,
			);
			path = Definition;
			sourceTree = "<group>";
		};
		30A1C72B275E7EB000E4BE35 /* View */ = {
			isa = PBXGroup;
			children = (
				30A1C749275E83EF00E4BE35 /* component */,
				30A1C737275E804E00E4BE35 /* UserView.swift */,
			);
			path = View;
			sourceTree = "<group>";
		};
		30A1C72C275E7EC100E4BE35 /* ViewModel */ = {
			isa = PBXGroup;
			children = (
				30A1C739275E808800E4BE35 /* UserViewModel.swift */,
			);
			path = ViewModel;
			sourceTree = "<group>";
		};
		30A1C72D275E7EFF00E4BE35 /* Person */ = {
			isa = PBXGroup;
			children = (
				30A1C736275E7F5D00E4BE35 /* Model */,
				30A1C735275E7F5500E4BE35 /* ViewModel */,
				30A1C734275E7F4E00E4BE35 /* View */,
				30A1C72E275E7F2000E4BE35 /* PersonViewController.swift */,
			);
			path = Person;
			sourceTree = "<group>";
		};
		30A1C730275E7F2E00E4BE35 /* View */ = {
			isa = PBXGroup;
			children = (
				30A1C73D275E80E200E4BE35 /* MineView.swift */,
			);
			path = View;
			sourceTree = "<group>";
		};
		30A1C731275E7F3700E4BE35 /* ViewModel */ = {
			isa = PBXGroup;
			children = (
				30A1C73F275E80FE00E4BE35 /* MineViewModel.swift */,
			);
			path = ViewModel;
			sourceTree = "<group>";
		};
		30A1C732275E7F4300E4BE35 /* Model */ = {
			isa = PBXGroup;
			children = (
				30A1C73B275E80BE00E4BE35 /* UserModel.swift */,
			);
			path = Model;
			sourceTree = "<group>";
		};
		30A1C733275E7F4900E4BE35 /* Model */ = {
			isa = PBXGroup;
			children = (
				30A1C741275E811500E4BE35 /* MineModel.swift */,
			);
			path = Model;
			sourceTree = "<group>";
		};
		30A1C734275E7F4E00E4BE35 /* View */ = {
			isa = PBXGroup;
			children = (
				30A1C743275E813200E4BE35 /* PersonView.swift */,
			);
			path = View;
			sourceTree = "<group>";
		};
		30A1C735275E7F5500E4BE35 /* ViewModel */ = {
			isa = PBXGroup;
			children = (
				30A1C745275E814600E4BE35 /* PersonViewModel.swift */,
			);
			path = ViewModel;
			sourceTree = "<group>";
		};
		30A1C736275E7F5D00E4BE35 /* Model */ = {
			isa = PBXGroup;
			children = (
				30A1C747275E815700E4BE35 /* PersonModel.swift */,
			);
			path = Model;
			sourceTree = "<group>";
		};
		30A1C749275E83EF00E4BE35 /* component */ = {
			isa = PBXGroup;
			children = (
				30A1C74A275E842000E4BE35 /* UserTableViewCell.swift */,
			);
			path = component;
			sourceTree = "<group>";
		};
		30A1C74C275EFE3200E4BE35 /* Extension */ = {
			isa = PBXGroup;
			children = (
				30A1C74D275EFE4B00E4BE35 /* UIImageView++Extension.swift */,
			);
			path = Extension;
			sourceTree = "<group>";
		};
		30A1C74F275F218400E4BE35 /* Net */ = {
			isa = PBXGroup;
			children = (
				30A1C750275F219D00E4BE35 /* GitHubNet.swift */,
				30A1C752275F225900E4BE35 /* GitHubNetError.swift */,
			);
			path = Net;
			sourceTree = "<group>";
		};
		88596339A7BE276156690CE2 /* Frameworks */ = {
			isa = PBXGroup;
			children = (
				FE6AE34BAC76CD29BFF111B9 /* Pods_githubUsers.framework */,
			);
			name = Frameworks;
			sourceTree = "<group>";
		};
		BC7D79D08FFB232957715D25 /* Pods */ = {
			isa = PBXGroup;
			children = (
				62F096E0EF3FD36E16805219 /* Pods-githubUsers.debug.xcconfig */,
				DB389E083AE0AC3025BB9D41 /* Pods-githubUsers.release.xcconfig */,
			);
			path = Pods;
			sourceTree = "<group>";
		};
/* End PBXGroup section */

/* Begin PBXNativeTarget section */
		30A1C6FE275D232000E4BE35 /* githubUsers */ = {
			isa = PBXNativeTarget;
			buildConfigurationList = 30A1C713275D232800E4BE35 /* Build configuration list for PBXNativeTarget "githubUsers" */;
			buildPhases = (
				F6CBE70EFA1C7F2619CC4A34 /* [CP] Check Pods Manifest.lock */,
				30A1C6FB275D232000E4BE35 /* Sources */,
				30A1C6FC275D232000E4BE35 /* Frameworks */,
				30A1C6FD275D232000E4BE35 /* Resources */,
				FD24876D63B89808421F77DB /* [CP] Embed Pods Frameworks */,
			);
			buildRules = (
			);
			dependencies = (
			);
			name = githubUsers;
			productName = githubUsers;
			productReference = 30A1C6FF275D232000E4BE35 /* githubUsers.app */;
			productType = "com.apple.product-type.application";
		};
/* End PBXNativeTarget section */

/* Begin PBXProject section */
		30A1C6F7275D232000E4BE35 /* Project object */ = {
			isa = PBXProject;
			attributes = {
				LastSwiftUpdateCheck = 1250;
				LastUpgradeCheck = 1250;
				TargetAttributes = {
					30A1C6FE275D232000E4BE35 = {
						CreatedOnToolsVersion = 12.5.1;
					};
				};
			};
			buildConfigurationList = 30A1C6FA275D232000E4BE35 /* Build configuration list for PBXProject "githubUsers" */;
			compatibilityVersion = "Xcode 9.3";
			developmentRegion = en;
			hasScannedForEncodings = 0;
			knownRegions = (
				en,
				Base,
			);
			mainGroup = 30A1C6F6275D232000E4BE35;
			productRefGroup = 30A1C700275D232000E4BE35 /* Products */;
			projectDirPath = "";
			projectRoot = "";
			targets = (
				30A1C6FE275D232000E4BE35 /* githubUsers */,
			);
		};
/* End PBXProject section */

/* Begin PBXResourcesBuildPhase section */
		30A1C6FD275D232000E4BE35 /* Resources */ = {
			isa = PBXResourcesBuildPhase;
			buildActionMask = 2147483647;
			files = (
				30A1C70F275D232800E4BE35 /* LaunchScreen.storyboard in Resources */,
				30A1C70C275D232800E4BE35 /* Assets.xcassets in Resources */,
				30A1C70A275D232000E4BE35 /* Main.storyboard in Resources */,
			);
			runOnlyForDeploymentPostprocessing = 0;
		};
/* End PBXResourcesBuildPhase section */

/* Begin PBXShellScriptBuildPhase section */
		F6CBE70EFA1C7F2619CC4A34 /* [CP] Check Pods Manifest.lock */ = {
			isa = PBXShellScriptBuildPhase;
			buildActionMask = 2147483647;
			files = (
			);
			inputFileListPaths = (
			);
			inputPaths = (
				"${PODS_PODFILE_DIR_PATH}/Podfile.lock",
				"${PODS_ROOT}/Manifest.lock",
			);
			name = "[CP] Check Pods Manifest.lock";
			outputFileListPaths = (
			);
			outputPaths = (
				"$(DERIVED_FILE_DIR)/Pods-githubUsers-checkManifestLockResult.txt",
			);
			runOnlyForDeploymentPostprocessing = 0;
			shellPath = /bin/sh;
			shellScript = "diff \"${PODS_PODFILE_DIR_PATH}/Podfile.lock\" \"${PODS_ROOT}/Manifest.lock\" > /dev/null\nif [ $? != 0 ] ; then\n    # print error to STDERR\n    echo \"error: The sandbox is not in sync with the Podfile.lock. Run 'pod install' or update your CocoaPods installation.\" >&2\n    exit 1\nfi\n# This output is used by Xcode 'outputs' to avoid re-running this script phase.\necho \"SUCCESS\" > \"${SCRIPT_OUTPUT_FILE_0}\"\n";
			showEnvVarsInLog = 0;
		};
		FD24876D63B89808421F77DB /* [CP] Embed Pods Frameworks */ = {
			isa = PBXShellScriptBuildPhase;
			buildActionMask = 2147483647;
			files = (
			);
			inputFileListPaths = (
				"${PODS_ROOT}/Target Support Files/Pods-githubUsers/Pods-githubUsers-frameworks-${CONFIGURATION}-input-files.xcfilelist",
			);
			name = "[CP] Embed Pods Frameworks";
			outputFileListPaths = (
				"${PODS_ROOT}/Target Support Files/Pods-githubUsers/Pods-githubUsers-frameworks-${CONFIGURATION}-output-files.xcfilelist",
			);
			runOnlyForDeploymentPostprocessing = 0;
			shellPath = /bin/sh;
			shellScript = "\"${PODS_ROOT}/Target Support Files/Pods-githubUsers/Pods-githubUsers-frameworks.sh\"\n";
			showEnvVarsInLog = 0;
		};
/* End PBXShellScriptBuildPhase section */

/* Begin PBXSourcesBuildPhase section */
		30A1C6FB275D232000E4BE35 /* Sources */ = {
			isa = PBXSourcesBuildPhase;
			buildActionMask = 2147483647;
			files = (
				30A1C738275E804E00E4BE35 /* UserView.swift in Sources */,
				30A1C74E275EFE4B00E4BE35 /* UIImageView++Extension.swift in Sources */,
				30A1C73A275E808800E4BE35 /* UserViewModel.swift in Sources */,
				30A1C703275D232000E4BE35 /* AppDelegate.swift in Sources */,
				30A1C746275E814600E4BE35 /* PersonViewModel.swift in Sources */,
				30A1C74B275E842000E4BE35 /* UserTableViewCell.swift in Sources */,
				30A1C740275E80FE00E4BE35 /* MineViewModel.swift in Sources */,
				30A1C742275E811500E4BE35 /* MineModel.swift in Sources */,
				30A1C73E275E80E200E4BE35 /* MineView.swift in Sources */,
				30A1C744275E813200E4BE35 /* PersonView.swift in Sources */,
				30A1C751275F219D00E4BE35 /* GitHubNet.swift in Sources */,
				30A1C71D275DC60600E4BE35 /* UserViewController.swift in Sources */,
				30A1C723275DC6B100E4BE35 /* BaseNavigationController.swift in Sources */,
				30A1C73C275E80BE00E4BE35 /* UserModel.swift in Sources */,
				30A1C705275D232000E4BE35 /* SceneDelegate.swift in Sources */,
				30A1C726275DC78200E4BE35 /* Macros.swift in Sources */,
				30A1C72F275E7F2000E4BE35 /* PersonViewController.swift in Sources */,
				30A1C753275F225900E4BE35 /* GitHubNetError.swift in Sources */,
				30A1C728275E666400E4BE35 /* BaseViewController.swift in Sources */,
				30A1C72A275E775C00E4BE35 /* BaseView.swift in Sources */,
				30A1C748275E815700E4BE35 /* PersonModel.swift in Sources */,
				30A1C719275DC45D00E4BE35 /* MainTabBarController.swift in Sources */,
				30A1C71F275DC61400E4BE35 /* MineViewController.swift in Sources */,
			);
			runOnlyForDeploymentPostprocessing = 0;
		};
/* End PBXSourcesBuildPhase section */

/* Begin PBXVariantGroup section */
		30A1C708275D232000E4BE35 /* Main.storyboard */ = {
			isa = PBXVariantGroup;
			children = (
				30A1C709275D232000E4BE35 /* Base */,
			);
			name = Main.storyboard;
			sourceTree = "<group>";
		};
		30A1C70D275D232800E4BE35 /* LaunchScreen.storyboard */ = {
			isa = PBXVariantGroup;
			children = (
				30A1C70E275D232800E4BE35 /* Base */,
			);
			name = LaunchScreen.storyboard;
			sourceTree = "<group>";
		};
/* End PBXVariantGroup section */

/* Begin XCBuildConfiguration section */
		30A1C711275D232800E4BE35 /* Debug */ = {
			isa = XCBuildConfiguration;
			buildSettings = {
				ALWAYS_SEARCH_USER_PATHS = NO;
				CLANG_ANALYZER_NONNULL = YES;
				CLANG_ANALYZER_NUMBER_OBJECT_CONVERSION = YES_AGGRESSIVE;
				CLANG_CXX_LANGUAGE_STANDARD = "gnu++14";
				CLANG_CXX_LIBRARY = "libc++";
				CLANG_ENABLE_MODULES = YES;
				CLANG_ENABLE_OBJC_ARC = YES;
				CLANG_ENABLE_OBJC_WEAK = YES;
				CLANG_WARN_BLOCK_CAPTURE_AUTORELEASING = YES;
				CLANG_WARN_BOOL_CONVERSION = YES;
				CLANG_WARN_COMMA = YES;
				CLANG_WARN_CONSTANT_CONVERSION = YES;
				CLANG_WARN_DEPRECATED_OBJC_IMPLEMENTATIONS = YES;
				CLANG_WARN_DIRECT_OBJC_ISA_USAGE = YES_ERROR;
				CLANG_WARN_DOCUMENTATION_COMMENTS = YES;
				CLANG_WARN_EMPTY_BODY = YES;
				CLANG_WARN_ENUM_CONVERSION = YES;
				CLANG_WARN_INFINITE_RECURSION = YES;
				CLANG_WARN_INT_CONVERSION = YES;
				CLANG_WARN_NON_LITERAL_NULL_CONVERSION = YES;
				CLANG_WARN_OBJC_IMPLICIT_RETAIN_SELF = YES;
				CLANG_WARN_OBJC_LITERAL_CONVERSION = YES;
				CLANG_WARN_OBJC_ROOT_CLASS = YES_ERROR;
				CLANG_WARN_QUOTED_INCLUDE_IN_FRAMEWORK_HEADER = YES;
				CLANG_WARN_RANGE_LOOP_ANALYSIS = YES;
				CLANG_WARN_STRICT_PROTOTYPES = YES;
				CLANG_WARN_SUSPICIOUS_MOVE = YES;
				CLANG_WARN_UNGUARDED_AVAILABILITY = YES_AGGRESSIVE;
				CLANG_WARN_UNREACHABLE_CODE = YES;
				CLANG_WARN__DUPLICATE_METHOD_MATCH = YES;
				COPY_PHASE_STRIP = NO;
				DEBUG_INFORMATION_FORMAT = dwarf;
				ENABLE_STRICT_OBJC_MSGSEND = YES;
				ENABLE_TESTABILITY = YES;
				GCC_C_LANGUAGE_STANDARD = gnu11;
				GCC_DYNAMIC_NO_PIC = NO;
				GCC_NO_COMMON_BLOCKS = YES;
				GCC_OPTIMIZATION_LEVEL = 0;
				GCC_PREPROCESSOR_DEFINITIONS = (
					"DEBUG=1",
					"$(inherited)",
				);
				GCC_WARN_64_TO_32_BIT_CONVERSION = YES;
				GCC_WARN_ABOUT_RETURN_TYPE = YES_ERROR;
				GCC_WARN_UNDECLARED_SELECTOR = YES;
				GCC_WARN_UNINITIALIZED_AUTOS = YES_AGGRESSIVE;
				GCC_WARN_UNUSED_FUNCTION = YES;
				GCC_WARN_UNUSED_VARIABLE = YES;
				IPHONEOS_DEPLOYMENT_TARGET = 14.5;
				MTL_ENABLE_DEBUG_INFO = INCLUDE_SOURCE;
				MTL_FAST_MATH = YES;
				ONLY_ACTIVE_ARCH = YES;
				SDKROOT = iphoneos;
				SWIFT_ACTIVE_COMPILATION_CONDITIONS = DEBUG;
				SWIFT_OPTIMIZATION_LEVEL = "-Onone";
			};
			name = Debug;
		};
		30A1C712275D232800E4BE35 /* Release */ = {
			isa = XCBuildConfiguration;
			buildSettings = {
				ALWAYS_SEARCH_USER_PATHS = NO;
				CLANG_ANALYZER_NONNULL = YES;
				CLANG_ANALYZER_NUMBER_OBJECT_CONVERSION = YES_AGGRESSIVE;
				CLANG_CXX_LANGUAGE_STANDARD = "gnu++14";
				CLANG_CXX_LIBRARY = "libc++";
				CLANG_ENABLE_MODULES = YES;
				CLANG_ENABLE_OBJC_ARC = YES;
				CLANG_ENABLE_OBJC_WEAK = YES;
				CLANG_WARN_BLOCK_CAPTURE_AUTORELEASING = YES;
				CLANG_WARN_BOOL_CONVERSION = YES;
				CLANG_WARN_COMMA = YES;
				CLANG_WARN_CONSTANT_CONVERSION = YES;
				CLANG_WARN_DEPRECATED_OBJC_IMPLEMENTATIONS = YES;
				CLANG_WARN_DIRECT_OBJC_ISA_USAGE = YES_ERROR;
				CLANG_WARN_DOCUMENTATION_COMMENTS = YES;
				CLANG_WARN_EMPTY_BODY = YES;
				CLANG_WARN_ENUM_CONVERSION = YES;
				CLANG_WARN_INFINITE_RECURSION = YES;
				CLANG_WARN_INT_CONVERSION = YES;
				CLANG_WARN_NON_LITERAL_NULL_CONVERSION = YES;
				CLANG_WARN_OBJC_IMPLICIT_RETAIN_SELF = YES;
				CLANG_WARN_OBJC_LITERAL_CONVERSION = YES;
				CLANG_WARN_OBJC_ROOT_CLASS = YES_ERROR;
				CLANG_WARN_QUOTED_INCLUDE_IN_FRAMEWORK_HEADER = YES;
				CLANG_WARN_RANGE_LOOP_ANALYSIS = YES;
				CLANG_WARN_STRICT_PROTOTYPES = YES;
				CLANG_WARN_SUSPICIOUS_MOVE = YES;
				CLANG_WARN_UNGUARDED_AVAILABILITY = YES_AGGRESSIVE;
				CLANG_WARN_UNREACHABLE_CODE = YES;
				CLANG_WARN__DUPLICATE_METHOD_MATCH = YES;
				COPY_PHASE_STRIP = NO;
				DEBUG_INFORMATION_FORMAT = "dwarf-with-dsym";
				ENABLE_NS_ASSERTIONS = NO;
				ENABLE_STRICT_OBJC_MSGSEND = YES;
				GCC_C_LANGUAGE_STANDARD = gnu11;
				GCC_NO_COMMON_BLOCKS = YES;
				GCC_WARN_64_TO_32_BIT_CONVERSION = YES;
				GCC_WARN_ABOUT_RETURN_TYPE = YES_ERROR;
				GCC_WARN_UNDECLARED_SELECTOR = YES;
				GCC_WARN_UNINITIALIZED_AUTOS = YES_AGGRESSIVE;
				GCC_WARN_UNUSED_FUNCTION = YES;
				GCC_WARN_UNUSED_VARIABLE = YES;
				IPHONEOS_DEPLOYMENT_TARGET = 14.5;
				MTL_ENABLE_DEBUG_INFO = NO;
				MTL_FAST_MATH = YES;
				SDKROOT = iphoneos;
				SWIFT_COMPILATION_MODE = wholemodule;
				SWIFT_OPTIMIZATION_LEVEL = "-O";
				VALIDATE_PRODUCT = YES;
			};
			name = Release;
		};
		30A1C714275D232800E4BE35 /* Debug */ = {
			isa = XCBuildConfiguration;
			baseConfigurationReference = 62F096E0EF3FD36E16805219 /* Pods-githubUsers.debug.xcconfig */;
			buildSettings = {
				ASSETCATALOG_COMPILER_APPICON_NAME = AppIcon;
				ASSETCATALOG_COMPILER_GLOBAL_ACCENT_COLOR_NAME = AccentColor;
				CODE_SIGN_STYLE = Automatic;
				INFOPLIST_FILE = githubUsers/Info.plist;
				LD_RUNPATH_SEARCH_PATHS = (
					"$(inherited)",
					"@executable_path/Frameworks",
				);
				PRODUCT_BUNDLE_IDENTIFIER = com.danny.githubUsers;
				PRODUCT_NAME = "$(TARGET_NAME)";
				SWIFT_VERSION = 5.0;
				TARGETED_DEVICE_FAMILY = "1,2";
			};
			name = Debug;
		};
		30A1C715275D232800E4BE35 /* Release */ = {
			isa = XCBuildConfiguration;
			baseConfigurationReference = DB389E083AE0AC3025BB9D41 /* Pods-githubUsers.release.xcconfig */;
			buildSettings = {
				ASSETCATALOG_COMPILER_APPICON_NAME = AppIcon;
				ASSETCATALOG_COMPILER_GLOBAL_ACCENT_COLOR_NAME = AccentColor;
				CODE_SIGN_STYLE = Automatic;
				INFOPLIST_FILE = githubUsers/Info.plist;
				LD_RUNPATH_SEARCH_PATHS = (
					"$(inherited)",
					"@executable_path/Frameworks",
				);
				PRODUCT_BUNDLE_IDENTIFIER = com.danny.githubUsers;
				PRODUCT_NAME = "$(TARGET_NAME)";
				SWIFT_VERSION = 5.0;
				TARGETED_DEVICE_FAMILY = "1,2";
			};
			name = Release;
		};
/* End XCBuildConfiguration section */

/* Begin XCConfigurationList section */
		30A1C6FA275D232000E4BE35 /* Build configuration list for PBXProject "githubUsers" */ = {
			isa = XCConfigurationList;
			buildConfigurations = (
				30A1C711275D232800E4BE35 /* Debug */,
				30A1C712275D232800E4BE35 /* Release */,
			);
			defaultConfigurationIsVisible = 0;
			defaultConfigurationName = Release;
		};
		30A1C713275D232800E4BE35 /* Build configuration list for PBXNativeTarget "githubUsers" */ = {
			isa = XCConfigurationList;
			buildConfigurations = (
				30A1C714275D232800E4BE35 /* Debug */,
				30A1C715275D232800E4BE35 /* Release */,
			);
			defaultConfigurationIsVisible = 0;
			defaultConfigurationName = Release;
		};
/* End XCConfigurationList section */
	};
	rootObject = 30A1C6F7275D232000E4BE35 /* Project object */;
}
